
Microsoft Visual Studio Solution File, Format Version 12.00
# Visual Studio Version 17
VisualStudioVersion = 17.11.35327.3
MinimumVisualStudioVersion = 10.0.40219.1
Project("{9A19103F-16F7-4668-BE54-9A1E7A4F7556}") = "ApplicationLayer", "ApplicationLayer\ApplicationLayer.csproj", "{BE2FDB4D-F203-4869-BCC4-957E08D930F8}"
EndProject
Project("{9A19103F-16F7-4668-BE54-9A1E7A4F7556}") = "DataLayer", "DataLayer\DataLayer.csproj", "{DD76ACD0-2976-4491-8938-247E88FE29ED}"
EndProject
Project("{9A19103F-16F7-4668-BE54-9A1E7A4F7556}") = "G2.Blazor", "G2.Blazor\G2.Blazor.csproj", "{D2639E8C-38FF-4E5D-B243-7F0B1EC6008C}"
EndProject
Project("{9A19103F-16F7-4668-BE54-9A1E7A4F7556}") = "PresentationLayer", "PresentationLayer\PresentationLayer.csproj", "{F8D5BEC0-35F1-454F-ADA8-476F8030270E}"
EndProject
Global
	GlobalSection(SolutionConfigurationPlatforms) = preSolution
		Debug|Any CPU = Debug|Any CPU
		Release|Any CPU = Release|Any CPU
	EndGlobalSection
	GlobalSection(ProjectConfigurationPlatforms) = postSolution
		{BE2FDB4D-F203-4869-BCC4-957E08D930F8}.Debug|Any CPU.ActiveCfg = Debug|Any CPU
		{BE2FDB4D-F203-4869-BCC4-957E08D930F8}.Debug|Any CPU.Build.0 = Debug|Any CPU
		{BE2FDB4D-F203-4869-BCC4-957E08D930F8}.Release|Any CPU.ActiveCfg = Release|Any CPU
		{BE2FDB4D-F203-4869-BCC4-957E08D930F8}.Release|Any CPU.Build.0 = Release|Any CPU
		{DD76ACD0-2976-4491-8938-247E88FE29ED}.Debug|Any CPU.ActiveCfg = Debug|Any CPU
		{DD76ACD0-2976-4491-8938-247E88FE29ED}.Debug|Any CPU.Build.0 = Debug|Any CPU
		{DD76ACD0-2976-4491-8938-247E88FE29ED}.Release|Any CPU.ActiveCfg = Release|Any CPU
		{DD76ACD0-2976-4491-8938-247E88FE29ED}.Release|Any CPU.Build.0 = Release|Any CPU
		{D2639E8C-38FF-4E5D-B243-7F0B1EC6008C}.Debug|Any CPU.ActiveCfg = Debug|Any CPU
		{D2639E8C-38FF-4E5D-B243-7F0B1EC6008C}.Debug|Any CPU.Build.0 = Debug|Any CPU
		{D2639E8C-38FF-4E5D-B243-7F0B1EC6008C}.Release|Any CPU.ActiveCfg = Release|Any CPU
		{D2639E8C-38FF-4E5D-B243-7F0B1EC6008C}.Release|Any CPU.Build.0 = Release|Any CPU
		{F8D5BEC0-35F1-454F-ADA8-476F8030270E}.Debug|Any CPU.ActiveCfg = Debug|Any CPU
		{F8D5BEC0-35F1-454F-ADA8-476F8030270E}.Debug|Any CPU.Build.0 = Debug|Any CPU
		{F8D5BEC0-35F1-454F-ADA8-476F8030270E}.Release|Any CPU.ActiveCfg = Release|Any CPU
		{F8D5BEC0-35F1-454F-ADA8-476F8030270E}.Release|Any CPU.Build.0 = Release|Any CPU
	EndGlobalSection
	GlobalSection(SolutionProperties) = preSolution
		HideSolutionNode = FALSE
	EndGlobalSection
	GlobalSection(ExtensibilityGlobals) = postSolution
		SolutionGuid = {4E815575-61DF-4A47-BA4F-C6F32D6F14BB}
	EndGlobalSection
EndGlobal
